
Microsoft Visual Studio Solution File, Format Version 12.00
# Visual Studio Version 16
VisualStudioVersion = 16.0.29123.89
MinimumVisualStudioVersion = 10.0.40219.1
Project("{FAE04EC0-301F-11D3-BF4B-00C04F79EFBC}") = "aspnetcore-xs2a", "aspnetcore-xs2a\aspnetcore-xs2a.csproj", "{6892FD97-8C80-42F9-90CC-38E4E4FAC412}"
EndProject
Global
	GlobalSection(SolutionConfigurationPlatforms) = preSolution
		Debug|Any CPU = Debug|Any CPU
		Release|Any CPU = Release|Any CPU
	EndGlobalSection
	GlobalSection(ProjectConfigurationPlatforms) = postSolution
		{6892FD97-8C80-42F9-90CC-38E4E4FAC412}.Debug|Any CPU.ActiveCfg = Debug|Any CPU
		{6892FD97-8C80-42F9-90CC-38E4E4FAC412}.Debug|Any CPU.Build.0 = Debug|Any CPU
		{6892FD97-8C80-42F9-90CC-38E4E4FAC412}.Release|Any CPU.ActiveCfg = Release|Any CPU
		{6892FD97-8C80-42F9-90CC-38E4E4FAC412}.Release|Any CPU.Build.0 = Release|Any CPU
	EndGlobalSection
	GlobalSection(SolutionProperties) = preSolution
		HideSolutionNode = FALSE
	EndGlobalSection
	GlobalSection(ExtensibilityGlobals) = postSolution
		SolutionGuid = {17E8D1F1-51BE-44ED-A6BC-8FF657EC7356}
	EndGlobalSection
EndGlobal
